
Microsoft Visual Studio Solution File, Format Version 12.00
Project("{FAE04EC0-301F-11D3-BF4B-00C04F79EFBC}") = "CodeFirst.DataAccess", "CodeFirst.DataAccess\CodeFirst.DataAccess.csproj", "{A0DBEFFC-F0C1-4D80-82A3-815033313DBC}"
EndProject
Project("{FAE04EC0-301F-11D3-BF4B-00C04F79EFBC}") = "CodeFirst.Models", "CodeFirst.Models\CodeFirst.Models.csproj", "{9DAAB4FF-7F5C-4243-9EB0-D62A05E8CC3A}"
EndProject
Project("{FAE04EC0-301F-11D3-BF4B-00C04F79EFBC}") = "CodeFirst.DataAccess.Tests", "CodeFirst.DataAccess.Tests\CodeFirst.DataAccess.Tests.csproj", "{2ACF211E-093A-4BC2-8696-34D08C290C1F}"
EndProject
Project("{FAE04EC0-301F-11D3-BF4B-00C04F79EFBC}") = "CodeFirst.ConsoleUI", "CodeFirst.ConsoleUI\CodeFirst.ConsoleUI.csproj", "{0AD6C7E7-C5EF-463F-95B9-8E6833B4B1FB}"
EndProject
Project("{2150E333-8FDC-42A3-9474-1A3956D46DE8}") = "SolutionFolder", "SolutionFolder", "{F013ADEC-1032-4AC1-87DB-2AEC743DC42C}"
ProjectSection(SolutionItems) = preProject
	DbSchema.JPG = DbSchema.JPG
	README.md = README.md
	SQL\03_CreateTable_Movies_AutoIncrement.sql = SQL\03_CreateTable_Movies_AutoIncrement.sql
	SQL\04_Drop_And_Recreate_Database.sql = SQL\04_Drop_And_Recreate_Database.sql
	SQL\05_CreateTable_Copies_FK_MovieId.sql = SQL\05_CreateTable_Copies_FK_MovieId.sql
	SQL\06_CreateTable_Starrings_FK_MovieId.sql = SQL\06_CreateTable_Starrings_FK_MovieId.sql
	SQL\07_CreateTable_Actors.sql = SQL\07_CreateTable_Actors.sql
	SQL\08_CreateTable_Clients_PK.sql = SQL\08_CreateTable_Clients_PK.sql
	SQL\09_CreateTable_Rentals_CompositePK.sql = SQL\09_CreateTable_Rentals_CompositePK.sql
	SQL\10_CreateTable_Empolyees.sql = SQL\10_CreateTable_Empolyees.sql
	.gitignore = .gitignore
EndProjectSection
EndProject
Project("{FAE04EC0-301F-11D3-BF4B-00C04F79EFBC}") = "CodeFirst.Standard.One", "CodeFirst.Standard.One\CodeFirst.Standard.One.csproj", "{F12EBA9A-E6A3-4DB7-BC60-110061175B2D}"
EndProject
Project("{FAE04EC0-301F-11D3-BF4B-00C04F79EFBC}") = "CodeFirst.Standard.Two", "CodeFirst.Standard.Two\CodeFirst.Standard.Two.csproj", "{09669710-7DAA-44AE-A7B3-DD98D1A27D02}"
EndProject
Project("{FAE04EC0-301F-11D3-BF4B-00C04F79EFBC}") = "CodeFirst.Core31.One", "CodeFirst.Core31.One\CodeFirst.Core31.One.csproj", "{A78AD8EF-273E-4440-8DA1-53DBE1415537}"
EndProject
Project("{FAE04EC0-301F-11D3-BF4B-00C04F79EFBC}") = "CodeFirst.Core31.Two", "CodeFirst.Core31.Two\CodeFirst.Core31.Two.csproj", "{B2F2CE16-7106-42BD-845D-8E112F95F0D1}"
EndProject
Project("{FAE04EC0-301F-11D3-BF4B-00C04F79EFBC}") = "CodeFirst.Core31.Three", "CodeFirst.Core31.Three\CodeFirst.Core31.Three.csproj", "{DB7CAE9D-176B-4B2A-A80C-4D03909984C4}"
EndProject
Project("{FAE04EC0-301F-11D3-BF4B-00C04F79EFBC}") = "CodeFirst.Core31.Four", "CodeFirst.Core31.Four\CodeFirst.Core31.Four.csproj", "{A2BC0472-8BB6-46A6-AF89-9F8D109E0935}"
EndProject
Project("{FAE04EC0-301F-11D3-BF4B-00C04F79EFBC}") = "CodeFirst.Net5.One", "CodeFirst.Net5.One\CodeFirst.Net5.One.csproj", "{DA7486B1-A324-4356-A0DB-83D2F0F86154}"
EndProject
Project("{FAE04EC0-301F-11D3-BF4B-00C04F79EFBC}") = "CodeFirst.Net5.Two", "CodeFirst.Net5.Two\CodeFirst.Net5.Two.csproj", "{0605B2DE-0F00-47F2-9038-FADD76F9D6BC}"
EndProject
Project("{FAE04EC0-301F-11D3-BF4B-00C04F79EFBC}") = "CodeFirst.Net5.Three", "CodeFirst.Net5.Three\CodeFirst.Net5.Three.csproj", "{8746417E-28BA-4469-BF8E-C359988264D9}"
EndProject
Project("{FAE04EC0-301F-11D3-BF4B-00C04F79EFBC}") = "CodeFirst.Net6.One", "CodeFirst.Net6.One\CodeFirst.Net6.One.csproj", "{0BA3B76D-1427-4C14-BB9A-91EBDA631694}"
EndProject
Project("{FAE04EC0-301F-11D3-BF4B-00C04F79EFBC}") = "CodeFirst.Net6.Two", "CodeFirst.Net6.Two\CodeFirst.Net6.Two.csproj", "{8D428001-8770-4D8D-9E6E-9964DEA55032}"
EndProject
Project("{FAE04EC0-301F-11D3-BF4B-00C04F79EFBC}") = "CodeFirst.Net6.Three", "CodeFirst.Net6.Three\CodeFirst.Net6.Three.csproj", "{46C15602-0AD3-47C0-9D17-D25AE4E5FB3F}"
EndProject
Global
	GlobalSection(SolutionConfigurationPlatforms) = preSolution
		Debug|Any CPU = Debug|Any CPU
		Release|Any CPU = Release|Any CPU
	EndGlobalSection
	GlobalSection(ProjectConfigurationPlatforms) = postSolution
		{A0DBEFFC-F0C1-4D80-82A3-815033313DBC}.Debug|Any CPU.ActiveCfg = Debug|Any CPU
		{A0DBEFFC-F0C1-4D80-82A3-815033313DBC}.Debug|Any CPU.Build.0 = Debug|Any CPU
		{A0DBEFFC-F0C1-4D80-82A3-815033313DBC}.Release|Any CPU.ActiveCfg = Release|Any CPU
		{A0DBEFFC-F0C1-4D80-82A3-815033313DBC}.Release|Any CPU.Build.0 = Release|Any CPU
		{9DAAB4FF-7F5C-4243-9EB0-D62A05E8CC3A}.Debug|Any CPU.ActiveCfg = Debug|Any CPU
		{9DAAB4FF-7F5C-4243-9EB0-D62A05E8CC3A}.Debug|Any CPU.Build.0 = Debug|Any CPU
		{9DAAB4FF-7F5C-4243-9EB0-D62A05E8CC3A}.Release|Any CPU.ActiveCfg = Release|Any CPU
		{9DAAB4FF-7F5C-4243-9EB0-D62A05E8CC3A}.Release|Any CPU.Build.0 = Release|Any CPU
		{2ACF211E-093A-4BC2-8696-34D08C290C1F}.Debug|Any CPU.ActiveCfg = Debug|Any CPU
		{2ACF211E-093A-4BC2-8696-34D08C290C1F}.Debug|Any CPU.Build.0 = Debug|Any CPU
		{2ACF211E-093A-4BC2-8696-34D08C290C1F}.Release|Any CPU.ActiveCfg = Release|Any CPU
		{2ACF211E-093A-4BC2-8696-34D08C290C1F}.Release|Any CPU.Build.0 = Release|Any CPU
		{0AD6C7E7-C5EF-463F-95B9-8E6833B4B1FB}.Debug|Any CPU.ActiveCfg = Debug|Any CPU
		{0AD6C7E7-C5EF-463F-95B9-8E6833B4B1FB}.Debug|Any CPU.Build.0 = Debug|Any CPU
		{0AD6C7E7-C5EF-463F-95B9-8E6833B4B1FB}.Release|Any CPU.ActiveCfg = Release|Any CPU
		{0AD6C7E7-C5EF-463F-95B9-8E6833B4B1FB}.Release|Any CPU.Build.0 = Release|Any CPU
		{F12EBA9A-E6A3-4DB7-BC60-110061175B2D}.Debug|Any CPU.ActiveCfg = Debug|Any CPU
		{F12EBA9A-E6A3-4DB7-BC60-110061175B2D}.Debug|Any CPU.Build.0 = Debug|Any CPU
		{F12EBA9A-E6A3-4DB7-BC60-110061175B2D}.Release|Any CPU.ActiveCfg = Release|Any CPU
		{F12EBA9A-E6A3-4DB7-BC60-110061175B2D}.Release|Any CPU.Build.0 = Release|Any CPU
		{09669710-7DAA-44AE-A7B3-DD98D1A27D02}.Debug|Any CPU.ActiveCfg = Debug|Any CPU
		{09669710-7DAA-44AE-A7B3-DD98D1A27D02}.Debug|Any CPU.Build.0 = Debug|Any CPU
		{09669710-7DAA-44AE-A7B3-DD98D1A27D02}.Release|Any CPU.ActiveCfg = Release|Any CPU
		{09669710-7DAA-44AE-A7B3-DD98D1A27D02}.Release|Any CPU.Build.0 = Release|Any CPU
		{A78AD8EF-273E-4440-8DA1-53DBE1415537}.Debug|Any CPU.ActiveCfg = Debug|Any CPU
		{A78AD8EF-273E-4440-8DA1-53DBE1415537}.Debug|Any CPU.Build.0 = Debug|Any CPU
		{A78AD8EF-273E-4440-8DA1-53DBE1415537}.Release|Any CPU.ActiveCfg = Release|Any CPU
		{A78AD8EF-273E-4440-8DA1-53DBE1415537}.Release|Any CPU.Build.0 = Release|Any CPU
		{B2F2CE16-7106-42BD-845D-8E112F95F0D1}.Debug|Any CPU.ActiveCfg = Debug|Any CPU
		{B2F2CE16-7106-42BD-845D-8E112F95F0D1}.Debug|Any CPU.Build.0 = Debug|Any CPU
		{B2F2CE16-7106-42BD-845D-8E112F95F0D1}.Release|Any CPU.ActiveCfg = Release|Any CPU
		{B2F2CE16-7106-42BD-845D-8E112F95F0D1}.Release|Any CPU.Build.0 = Release|Any CPU
		{DB7CAE9D-176B-4B2A-A80C-4D03909984C4}.Debug|Any CPU.ActiveCfg = Debug|Any CPU
		{DB7CAE9D-176B-4B2A-A80C-4D03909984C4}.Debug|Any CPU.Build.0 = Debug|Any CPU
		{DB7CAE9D-176B-4B2A-A80C-4D03909984C4}.Release|Any CPU.ActiveCfg = Release|Any CPU
		{DB7CAE9D-176B-4B2A-A80C-4D03909984C4}.Release|Any CPU.Build.0 = Release|Any CPU
		{A2BC0472-8BB6-46A6-AF89-9F8D109E0935}.Debug|Any CPU.ActiveCfg = Debug|Any CPU
		{A2BC0472-8BB6-46A6-AF89-9F8D109E0935}.Debug|Any CPU.Build.0 = Debug|Any CPU
		{A2BC0472-8BB6-46A6-AF89-9F8D109E0935}.Release|Any CPU.ActiveCfg = Release|Any CPU
		{A2BC0472-8BB6-46A6-AF89-9F8D109E0935}.Release|Any CPU.Build.0 = Release|Any CPU
		{DA7486B1-A324-4356-A0DB-83D2F0F86154}.Debug|Any CPU.ActiveCfg = Debug|Any CPU
		{DA7486B1-A324-4356-A0DB-83D2F0F86154}.Debug|Any CPU.Build.0 = Debug|Any CPU
		{DA7486B1-A324-4356-A0DB-83D2F0F86154}.Release|Any CPU.ActiveCfg = Release|Any CPU
		{DA7486B1-A324-4356-A0DB-83D2F0F86154}.Release|Any CPU.Build.0 = Release|Any CPU
		{0605B2DE-0F00-47F2-9038-FADD76F9D6BC}.Debug|Any CPU.ActiveCfg = Debug|Any CPU
		{0605B2DE-0F00-47F2-9038-FADD76F9D6BC}.Debug|Any CPU.Build.0 = Debug|Any CPU
		{0605B2DE-0F00-47F2-9038-FADD76F9D6BC}.Release|Any CPU.ActiveCfg = Release|Any CPU
		{0605B2DE-0F00-47F2-9038-FADD76F9D6BC}.Release|Any CPU.Build.0 = Release|Any CPU
		{8746417E-28BA-4469-BF8E-C359988264D9}.Debug|Any CPU.ActiveCfg = Debug|Any CPU
		{8746417E-28BA-4469-BF8E-C359988264D9}.Debug|Any CPU.Build.0 = Debug|Any CPU
		{8746417E-28BA-4469-BF8E-C359988264D9}.Release|Any CPU.ActiveCfg = Release|Any CPU
		{8746417E-28BA-4469-BF8E-C359988264D9}.Release|Any CPU.Build.0 = Release|Any CPU
		{0BA3B76D-1427-4C14-BB9A-91EBDA631694}.Debug|Any CPU.ActiveCfg = Debug|Any CPU
		{0BA3B76D-1427-4C14-BB9A-91EBDA631694}.Debug|Any CPU.Build.0 = Debug|Any CPU
		{0BA3B76D-1427-4C14-BB9A-91EBDA631694}.Release|Any CPU.ActiveCfg = Release|Any CPU
		{0BA3B76D-1427-4C14-BB9A-91EBDA631694}.Release|Any CPU.Build.0 = Release|Any CPU
		{8D428001-8770-4D8D-9E6E-9964DEA55032}.Debug|Any CPU.ActiveCfg = Debug|Any CPU
		{8D428001-8770-4D8D-9E6E-9964DEA55032}.Debug|Any CPU.Build.0 = Debug|Any CPU
		{8D428001-8770-4D8D-9E6E-9964DEA55032}.Release|Any CPU.ActiveCfg = Release|Any CPU
		{8D428001-8770-4D8D-9E6E-9964DEA55032}.Release|Any CPU.Build.0 = Release|Any CPU
		{46C15602-0AD3-47C0-9D17-D25AE4E5FB3F}.Debug|Any CPU.ActiveCfg = Debug|Any CPU
		{46C15602-0AD3-47C0-9D17-D25AE4E5FB3F}.Debug|Any CPU.Build.0 = Debug|Any CPU
		{46C15602-0AD3-47C0-9D17-D25AE4E5FB3F}.Release|Any CPU.ActiveCfg = Release|Any CPU
		{46C15602-0AD3-47C0-9D17-D25AE4E5FB3F}.Release|Any CPU.Build.0 = Release|Any CPU
	EndGlobalSection
EndGlobal
